{
  "version": "2",
  "remote": {
    "https://deno.land/std@0.200.0/_util/os.ts": "d932f56d41e4f6a6093d56044e29ce637f8dcc43c5a90af43504a889cf1775e3",
    "https://deno.land/std@0.200.0/path/_constants.ts": "e49961f6f4f48039c0dfed3c3f93e963ca3d92791c9d478ac5b43183413136e0",
    "https://deno.land/std@0.200.0/path/_dirname.ts": "355e297236b2218600aee7a5301b937204c62e12da9db4b0b044993d9e658395",
    "https://deno.land/std@0.200.0/path/_util.ts": "4e191b1bac6b3bf0c31aab42e5ca2e01a86ab5a0d2e08b75acf8585047a86221",
    "https://deno.land/std@0.200.0/path/dirname.ts": "098996822a31b4c46e1eb52a19540d3c6f9f54b772fc8a197939eeabc29fca2f"
  },
  "npm": {
    "specifiers": {
      "@types/react-dom@18.2.7": "@types/react-dom@18.2.7",
      "@types/react@18.2.18": "@types/react@18.2.18",
      "browserslist": "browserslist@4.21.10",
      "date-fns@2.30.0": "date-fns@2.30.0",
      "lightningcss@1.21.7": "lightningcss@1.21.7",
      "react-dom@18.2.0": "react-dom@18.2.0_react@18.2.0",
      "react@18.2.0": "react@18.2.0"
    },
    "packages": {
      "@babel/runtime@7.22.11": {
        "integrity": "sha512-ee7jVNlWN09+KftVOu9n7S8gQzD/Z6hN/I8VBRXW4P1+Xe7kJGXMwu8vds4aGIMHZnNbdpSWCfZZtinytpcAvA==",
        "dependencies": {
          "regenerator-runtime": "regenerator-runtime@0.14.0"
        }
      },
      "@types/prop-types@15.7.5": {
        "integrity": "sha512-JCB8C6SnDoQf0cNycqd/35A7MjcnK+ZTqE7judS6o7utxUCg6imJg3QK2qzHKszlTjcj2cn+NwMB2i96ubpj7w==",
        "dependencies": {}
      },
      "@types/react-dom@18.2.7": {
        "integrity": "sha512-GRaAEriuT4zp9N4p1i8BDBYmEyfo+xQ3yHjJU4eiK5NDa1RmUZG+unZABUTK4/Ox/M+GaHwb6Ow8rUITrtjszA==",
        "dependencies": {
          "@types/react": "@types/react@18.2.18"
        }
      },
      "@types/react@18.2.18": {
        "integrity": "sha512-da4NTSeBv/P34xoZPhtcLkmZuJ+oYaCxHmyHzwaDQo9RQPBeXV+06gEk2FpqEcsX9XrnNLvRpVh6bdavDSjtiQ==",
        "dependencies": {
          "@types/prop-types": "@types/prop-types@15.7.5",
          "@types/scheduler": "@types/scheduler@0.16.3",
          "csstype": "csstype@3.1.2"
        }
      },
      "@types/scheduler@0.16.3": {
        "integrity": "sha512-5cJ8CB4yAx7BH1oMvdU0Jh9lrEXyPkar6F9G/ERswkCuvP4KQZfZkSjcMbAICCpQTN4OuZn8tz0HiKv9TGZgrQ==",
        "dependencies": {}
      },
      "browserslist@4.21.10": {
        "integrity": "sha512-bipEBdZfVH5/pwrvqc+Ub0kUPVfGUhlKxbvfD+z1BDnPEO/X98ruXGA1WP5ASpAFKan7Qr6j736IacbZQuAlKQ==",
        "dependencies": {
          "caniuse-lite": "caniuse-lite@1.0.30001521",
          "electron-to-chromium": "electron-to-chromium@1.4.495",
          "node-releases": "node-releases@2.0.13",
          "update-browserslist-db": "update-browserslist-db@1.0.11_browserslist@4.21.10"
        }
      },
      "caniuse-lite@1.0.30001521": {
        "integrity": "sha512-fnx1grfpEOvDGH+V17eccmNjucGUnCbP6KL+l5KqBIerp26WK/+RQ7CIDE37KGJjaPyqWXXlFUyKiWmvdNNKmQ==",
        "dependencies": {}
      },
      "csstype@3.1.2": {
        "integrity": "sha512-I7K1Uu0MBPzaFKg4nI5Q7Vs2t+3gWWW648spaF+Rg7pI9ds18Ugn+lvg4SHczUdKlHI5LWBXyqfS8+DufyBsgQ==",
        "dependencies": {}
      },
      "date-fns@2.30.0": {
        "integrity": "sha512-fnULvOpxnC5/Vg3NCiWelDsLiUc9bRwAPs/+LfTLNvetFCtCTN+yQz15C/fs4AwX1R9K5GLtLfn8QW+dWisaAw==",
        "dependencies": {
          "@babel/runtime": "@babel/runtime@7.22.11"
        }
      },
      "detect-libc@1.0.3": {
        "integrity": "sha512-pGjwhsmsp4kL2RTz08wcOlGN83otlqHeD/Z5T8GXZB+/YcpQ/dgo+lbU8ZsGxV0HIvqqxo9l7mqYwyYMD9bKDg==",
        "dependencies": {}
      },
      "electron-to-chromium@1.4.495": {
        "integrity": "sha512-mwknuemBZnoOCths4GtpU/SDuVMp3uQHKa2UNJT9/aVD6WVRjGpXOxRGX7lm6ILIenTdGXPSTCTDaWos5tEU8Q==",
        "dependencies": {}
      },
      "escalade@3.1.1": {
        "integrity": "sha512-k0er2gUkLf8O0zKJiAhmkTnJlTvINGv7ygDNPbeIsX/TJjGJZHuh9B2UxbsaEkmlEo9MfhrSzmhIlhRlI2GXnw==",
        "dependencies": {}
      },
      "js-tokens@4.0.0": {
        "integrity": "sha512-RdJUflcE3cUzKiMqQgsCu06FPu9UdIJO0beYbPhHN4k6apgJtifcoCtT9bcxOpYBtpD2kCM6Sbzg4CausW/PKQ==",
        "dependencies": {}
      },
      "lightningcss-darwin-arm64@1.21.7": {
        "integrity": "sha512-tt7hIsFio9jZofTVHtCACz6rB6c9RyABMXfA9A/VcKOjS3sq+koX/QkRJWY06utwOImbJIXBC5hbg9t3RkPUAQ==",
        "dependencies": {}
      },
      "lightningcss-darwin-x64@1.21.7": {
        "integrity": "sha512-F4gS4bf7eWekfPT+TxJNm/pF+QRgZiTrTkQH6cw4/UWfdeZISfuhD5El2dm16giFnY0K5ylIwO+ZusgYNkGSXA==",
        "dependencies": {}
      },
      "lightningcss-freebsd-x64@1.21.7": {
        "integrity": "sha512-RMfNzJWXCSfPnL55fcLWEAadcY6QUFT0S8NceNKYzp1KiCZtkJIy6RQ5SaVxPzRqd3iMsahUf5sfnG8N1UQSNQ==",
        "dependencies": {}
      },
      "lightningcss-linux-arm-gnueabihf@1.21.7": {
        "integrity": "sha512-biSRUDZNx7vubWP1jArw/qqfZKPGpkV/qzunasZzxmqijbZ43sW9faDQYxWNcxPWljJJdF/qs6qcurYFovWtrQ==",
        "dependencies": {}
      },
      "lightningcss-linux-arm64-gnu@1.21.7": {
        "integrity": "sha512-PENY8QekqL9TG3AY/A7rkUBb5ymefGxea7Oe7+x7Hbw4Bz4Hpj5cec5OoMypMqFbURPmpi0fTWx4vSWUPzpDcA==",
        "dependencies": {}
      },
      "lightningcss-linux-arm64-musl@1.21.7": {
        "integrity": "sha512-pfOipKvA/0X1OjRaZt3870vnV9UGBSjayIqHh0fGx/+aRz3O0MVFHE/60P2UWXpM3YGJEw/hMWtNkrFwqOge8A==",
        "dependencies": {}
      },
      "lightningcss-linux-x64-gnu@1.21.7": {
        "integrity": "sha512-dgcsis4TAA7s0ia4f31QHX+G4PWPwxk+wJaEQLaV0NdJs09O5hHoA8DpLEr8nrvc/tsRTyVNBP1rDtgzySjpXg==",
        "dependencies": {}
      },
      "lightningcss-linux-x64-musl@1.21.7": {
        "integrity": "sha512-A+9dXpxld3p4Cd6fxev2eqEvaauYtrgNpXV3t7ioCJy30Oj9nYiNGwiGusM+4MJVcEpUPGUGiuAqY4sWilRDwA==",
        "dependencies": {}
      },
      "lightningcss-win32-x64-msvc@1.21.7": {
        "integrity": "sha512-07/8vogEq+C/mF99pdMhh/f19/xreq8N9Ca6AWeVHZIdODyF/pt6KdKSCWDZWIn+3CUxI8gCJWuUWyOc3xymvw==",
        "dependencies": {}
      },
      "lightningcss@1.21.7": {
        "integrity": "sha512-xITZyh5sLFwRPYUSw15T00Rm7gcQ1qOPuQwNOcvHsTm6nLWTQ723w7zl42wrC5t+xtdg6FPmnXHml1nZxxvp1w==",
        "dependencies": {
          "detect-libc": "detect-libc@1.0.3",
          "lightningcss-darwin-arm64": "lightningcss-darwin-arm64@1.21.7",
          "lightningcss-darwin-x64": "lightningcss-darwin-x64@1.21.7",
          "lightningcss-freebsd-x64": "lightningcss-freebsd-x64@1.21.7",
          "lightningcss-linux-arm-gnueabihf": "lightningcss-linux-arm-gnueabihf@1.21.7",
          "lightningcss-linux-arm64-gnu": "lightningcss-linux-arm64-gnu@1.21.7",
          "lightningcss-linux-arm64-musl": "lightningcss-linux-arm64-musl@1.21.7",
          "lightningcss-linux-x64-gnu": "lightningcss-linux-x64-gnu@1.21.7",
          "lightningcss-linux-x64-musl": "lightningcss-linux-x64-musl@1.21.7",
          "lightningcss-win32-x64-msvc": "lightningcss-win32-x64-msvc@1.21.7"
        }
      },
      "loose-envify@1.4.0": {
        "integrity": "sha512-lyuxPGr/Wfhrlem2CL/UcnUc1zcqKAImBDzukY7Y5F/yQiNdko6+fRLevlw1HgMySw7f611UIY408EtxRSoK3Q==",
        "dependencies": {
          "js-tokens": "js-tokens@4.0.0"
        }
      },
      "node-releases@2.0.13": {
        "integrity": "sha512-uYr7J37ae/ORWdZeQ1xxMJe3NtdmqMC/JZK+geofDrkLUApKRHPd18/TxtBOJ4A0/+uUIliorNrfYV6s1b02eQ==",
        "dependencies": {}
      },
      "picocolors@1.0.0": {
        "integrity": "sha512-1fygroTLlHu66zi26VoTDv8yRgm0Fccecssto+MhsZ0D/DGW2sm8E8AjW7NU5VVTRt5GxbeZ5qBuJr+HyLYkjQ==",
        "dependencies": {}
      },
      "react-dom@18.2.0_react@18.2.0": {
        "integrity": "sha512-6IMTriUmvsjHUjNtEDudZfuDQUoWXVxKHhlEGSk81n4YFS+r/Kl99wXiwlVXtPBtJenozv2P+hxDsw9eA7Xo6g==",
        "dependencies": {
          "loose-envify": "loose-envify@1.4.0",
          "react": "react@18.2.0",
          "scheduler": "scheduler@0.23.0"
        }
      },
      "react@18.2.0": {
        "integrity": "sha512-/3IjMdb2L9QbBdWiW5e3P2/npwMBaU9mHCSCUzNln0ZCYbcfTsGbTJrU/kGemdH2IWmB2ioZ+zkxtmq6g09fGQ==",
        "dependencies": {
          "loose-envify": "loose-envify@1.4.0"
        }
      },
      "regenerator-runtime@0.14.0": {
        "integrity": "sha512-srw17NI0TUWHuGa5CFGGmhfNIeja30WMBfbslPNhf6JrqQlLN5gcrvig1oqPxiVaXb0oW0XRKtH6Nngs5lKCIA==",
        "dependencies": {}
      },
      "scheduler@0.23.0": {
        "integrity": "sha512-CtuThmgHNg7zIZWAXi3AsyIzA3n4xx7aNyjwC2VJldO2LMVDhFK+63xGqq6CsJH4rTAt6/M+N4GhZiDYPx9eUw==",
        "dependencies": {
          "loose-envify": "loose-envify@1.4.0"
        }
      },
      "update-browserslist-db@1.0.11_browserslist@4.21.10": {
        "integrity": "sha512-dCwEFf0/oT85M1fHBg4F0jtLwJrutGoHSQXCh7u4o2t1drG+c0a9Flnqww6XUKSfQMPpJBRjU8d4RXB09qtvaA==",
        "dependencies": {
          "browserslist": "browserslist@4.21.10",
          "escalade": "escalade@3.1.1",
          "picocolors": "picocolors@1.0.0"
        }
      }
    }
  }
}
